# THIS IS AN AUTOGENERATED FILE. DO NOT EDIT THIS FILE DIRECTLY.
# yarn lockfile v1


ansi-colors@^4.1.3:
  version "4.1.3"
  resolved "https://registry.npmjs.org/ansi-colors/-/ansi-colors-4.1.3.tgz"
  integrity sha512-/6w/C21Pm1A7aZitlI5Ni/2J6FFQN8i1Cvz3kHABAAbw93v/NlvKdVOqz7CCWz/3iv/JplRSEEZ83XION15ovw==

chokidar@^4.0.3:
  version "4.0.3"
  resolved "https://registry.npmjs.org/chokidar/-/chokidar-4.0.3.tgz"
  integrity sha512-Qgzu8kfBvo+cA4962jnP1KkS6Dop5NS6g7R5LFYJr4b8Ub94PPQXUksCw9PvXoeXPRRddRNC5C1JQUR2SMGtnA==
  dependencies:
    readdirp "^4.0.1"

color-support@^1.1.3:
  version "1.1.3"
  resolved "https://registry.npmjs.org/color-support/-/color-support-1.1.3.tgz"
  integrity sha512-qiBjkpbMLO/HL68y+lh4q0/O1MZFj2RX6X/KmMa3+gJD3z+WwI1ZzDHysvqHGS3mP6mznPckpXmw1nI9cJjyRg==

fancy-log@^2.0.0:
  version "2.0.0"
  resolved "https://registry.npmjs.org/fancy-log/-/fancy-log-2.0.0.tgz"
  integrity sha512-9CzxZbACXMUXW13tS0tI8XsGGmxWzO2DmYrGuBJOJ8k8q2K7hwfJA5qHjuPPe8wtsco33YR9wc+Rlr5wYFvhSA==
  dependencies:
    color-support "^1.1.3"

fontoxpath@^3.33.2:
  version "3.33.2"
  resolved "https://registry.npmjs.org/fontoxpath/-/fontoxpath-3.33.2.tgz"
  integrity sha512-MVtx/RYKiF91uDzcWsNmhKP4suRI+VLbR8ppB9Q1h9rhC0I48TgPh0U7JFGKAxFH70aJYr3/m3zBBKfATO52hQ==
  dependencies:
    prsc "4.0.0"
    xspattern "^3.1.0"

prsc@4.0.0:
  version "4.0.0"
  resolved "https://registry.npmjs.org/prsc/-/prsc-4.0.0.tgz"
  integrity sha512-OmXQ2v76RlXNx/gqv7+oB6jyKnudJ/rsMfAIVexhbDFxXAJPoWKMxJkZU2ohlu4miCiSQCG+horf2DV4/kNc1Q==

q@^1.5.1:
  version "1.5.1"
  resolved "https://registry.npmjs.org/q/-/q-1.5.1.tgz"
  integrity sha1-fjL3W0E4EpHQRhHxvxQQmsAGUdc=

readdirp@^4.0.1:
  version "4.1.2"
  resolved "https://registry.npmjs.org/readdirp/-/readdirp-4.1.2.tgz"
  integrity sha512-GDhwkLfywWL2s6vEjyhri+eXmfH6j1L7JE27WhqLeYzoh/A3DBaYGEj2H/HFZCn/kMfim73FXxEJTw06WtxQwg==

saxes@6.0.0:
  version "6.0.0"
  resolved "https://registry.npmjs.org/saxes/-/saxes-6.0.0.tgz"
  integrity sha512-xAg7SOnEhrm5zI3puOOKyy1OMcMlIJZYNJY7xLBwSze0UjhPLnWfj2GF2EpT0jmzaJKIWKHLsaSSajf35bcYnA==
  dependencies:
    xmlchars "^2.2.0"

slimdom-sax-parser@^1.5.3:
  version "1.5.3"
  resolved "https://registry.npmjs.org/slimdom-sax-parser/-/slimdom-sax-parser-1.5.3.tgz"
  integrity sha512-h47aSAas1l8tFew1bY/Af/IVyOy4jcHzj+MoJU/cf+/ZSqKrAe8TspMlbBVaKc6FsSffJqhSJRmvyeOketI4Tg==
  dependencies:
    saxes "6.0.0"
    slimdom "3.0.1"

slimdom@3.0.1:
  version "3.0.1"
  resolved "https://registry.npmjs.org/slimdom/-/slimdom-3.0.1.tgz"
  integrity sha512-20Ql+QmLrZOonYMLSsSJz20RwipzqAJ64DkN7UiV0QP/enyyV+MpQJU7Ucb3N9F4dKDO26FsTsP5QWK4Mbqn1A==

whynot@^5.0.0:
  version "5.0.0"
  resolved "https://registry.npmjs.org/whynot/-/whynot-5.0.0.tgz"
  integrity sha512-cGGfDPYYqoHoMWqXVc3G+N74u1FhFhrBa+pOO906b9ktRc/JFUdwroTkfPqjKzyoCLVcKr6yy6bYIcWT7jTg2A==

xmlchars@^2.2.0:
  version "2.2.0"
  resolved "https://registry.npmjs.org/xmlchars/-/xmlchars-2.2.0.tgz"
  integrity sha512-JZnDKK8B0RCDw84FNdDAIpZK+JuJw+s7Lz8nksI7SIuU3UXJJslUthsi+uWBUYOwPFwW7W7PRLRfUKpxjtjFCw==

xspattern@^3.1.0:
  version "3.1.0"
  resolved "https://registry.npmjs.org/xspattern/-/xspattern-3.1.0.tgz"
  integrity sha512-rxtOX8ORJizRqswIdZ72G3thKrHd0Q+TvyUCMByc5VdjDz1nkuZKfPXM3xGdrGi0fwEy+DDJN7DqtAZ06Re4bA==
  dependencies:
    whynot "^5.0.0"
